{
  "name": "pdfexporter",
  "version": "1.0.0",
  "lockfileVersion": 1,
  "requires": true,
  "dependencies": {
    "@azure/functions": {
      "version": "1.2.2",
      "resolved": "http://nexus.core.cvent.org:8081/nexus/repository/npm-public/@azure/functions/-/functions-1.2.2.tgz",
      "integrity": "sha512-p/dDHq1sG/iAib+eDY4NxskWHoHW1WFzD85s0SfWxc2wVjJbxB0xz/zBF4s7ymjVgTu+0ceipeBk+tmpnt98oA==",
      "dev": true
    },
    "@types/axios": {
      "version": "0.14.0",
      "resolved": "http://nexus.core.cvent.org:8081/nexus/repository/npm-public/@types/axios/-/axios-0.14.0.tgz",
      "integrity": "sha1-7CMA++fX3d1+udOr+HmZlkyvzkY=",
      "dev": true,
      "requires": {
        "axios": "*"
      }
    },
    "@types/node": {
      "version": "14.14.5",
      "resolved": "http://nexus.core.cvent.org:8081/nexus/repository/npm-public/@types/node/-/node-14.14.5.tgz",
      "integrity": "sha512-H5Wn24s/ZOukBmDn03nnGTp18A60ny9AmCwnEcgJiTgSGsCO7k+NWP7zjCCbhlcnVCoI+co52dUAt9GMhOSULw=="
    },
    "@types/qs": {
      "version": "6.9.4",
      "resolved": "http://nexus.core.cvent.org:8081/nexus/repository/npm-public/@types/qs/-/qs-6.9.4.tgz",
      "integrity": "sha512-+wYo+L6ZF6BMoEjtf8zB2esQsqdV6WsjRK/GP9WOgLPrq87PbNWgIxS76dS5uvl/QXtHGakZmwTznIfcPXcKlQ==",
      "dev": true
    },
    "axios": {
      "version": "0.21.0",
      "resolved": "http://nexus.core.cvent.org:8081/nexus/repository/npm-public/axios/-/axios-0.21.0.tgz",
      "integrity": "sha512-fmkJBknJKoZwem3/IKSSLpkdNXZeBu5Q7GA/aRsr2btgrptmSCxi2oFjZHqGdK9DoTil9PIHlPIZw2EcRJXRvw==",
      "requires": {
        "follow-redirects": "^1.10.0"
      }
    },
    "follow-redirects": {
      "version": "1.13.0",
      "resolved": "http://nexus.core.cvent.org:8081/nexus/repository/npm-public/follow-redirects/-/follow-redirects-1.13.0.tgz",
      "integrity": "sha512-aq6gF1BEKje4a9i9+5jimNFIpq4Q1WiwBToeRK5NvZBd/TRsmW8BsJfOEGkr76TbOyPVD3OVDN910EcUNtRYEA=="
    },
    "qs": {
      "version": "6.9.4",
      "resolved": "http://nexus.core.cvent.org:8081/nexus/repository/npm-public/qs/-/qs-6.9.4.tgz",
      "integrity": "sha512-A1kFqHekCTM7cz0udomYUoYNWjBebHm/5wzU/XqrBRBNWectVH0QIiN+NEcZ0Dte5hvzHwbr8+XQmguPhJ6WdQ=="
    },
    "typescript": {
      "version": "3.9.7",
      "resolved": "http://nexus.core.cvent.org:8081/nexus/repository/npm-public/typescript/-/typescript-3.9.7.tgz",
      "integrity": "sha512-BLbiRkiBzAwsjut4x/dsibSTB6yWpwT5qWmC2OfuCg3GgVQCSgMs4vEctYPhsaGtd0AeuuHMkjZ2h2WG8MSzRw==",
      "dev": true
    }
  }
}
